
Microsoft Visual Studio Solution File, Format Version 12.00
# Visual Studio Version 17
VisualStudioVersion = 17.11.35327.3
MinimumVisualStudioVersion = 10.0.40219.1
Project("{FAE04EC0-301F-11D3-BF4B-00C04F79EFBC}") = "ChatApp.Server", "ChatApp.Server\ChatApp.Server.csproj", "{5A6DD12C-134F-4C53-A49A-8A578DA783D3}"
EndProject
Project("{FAE04EC0-301F-11D3-BF4B-00C04F79EFBC}") = "ChatApp.Client", "ChatApp.Client\ChatApp.Client.csproj", "{3017E4AF-92B5-4695-AA98-28774E1F85B9}"
EndProject
Project("{FAE04EC0-301F-11D3-BF4B-00C04F79EFBC}") = "ChatApp.Common", "ChatApp.Common\ChatApp.Common.csproj", "{FBD1971E-D7BD-4BDA-8929-7504F55ECDE7}"
EndProject
Project("{FAE04EC0-301F-11D3-BF4B-00C04F79EFBC}") = "ChatApp.Database", "ChatApp.Database\ChatApp.Database.csproj", "{38EDB9E7-D314-4D1F-9ECD-104383004053}"
EndProject
Global
	GlobalSection(SolutionConfigurationPlatforms) = preSolution
		Debug|Any CPU = Debug|Any CPU
		Release|Any CPU = Release|Any CPU
	EndGlobalSection
	GlobalSection(ProjectConfigurationPlatforms) = postSolution
		{5A6DD12C-134F-4C53-A49A-8A578DA783D3}.Debug|Any CPU.ActiveCfg = Debug|Any CPU
		{5A6DD12C-134F-4C53-A49A-8A578DA783D3}.Debug|Any CPU.Build.0 = Debug|Any CPU
		{5A6DD12C-134F-4C53-A49A-8A578DA783D3}.Release|Any CPU.ActiveCfg = Release|Any CPU
		{5A6DD12C-134F-4C53-A49A-8A578DA783D3}.Release|Any CPU.Build.0 = Release|Any CPU
		{3017E4AF-92B5-4695-AA98-28774E1F85B9}.Debug|Any CPU.ActiveCfg = Debug|Any CPU
		{3017E4AF-92B5-4695-AA98-28774E1F85B9}.Debug|Any CPU.Build.0 = Debug|Any CPU
		{3017E4AF-92B5-4695-AA98-28774E1F85B9}.Release|Any CPU.ActiveCfg = Release|Any CPU
		{3017E4AF-92B5-4695-AA98-28774E1F85B9}.Release|Any CPU.Build.0 = Release|Any CPU
		{FBD1971E-D7BD-4BDA-8929-7504F55ECDE7}.Debug|Any CPU.ActiveCfg = Debug|Any CPU
		{FBD1971E-D7BD-4BDA-8929-7504F55ECDE7}.Debug|Any CPU.Build.0 = Debug|Any CPU
		{FBD1971E-D7BD-4BDA-8929-7504F55ECDE7}.Release|Any CPU.ActiveCfg = Release|Any CPU
		{FBD1971E-D7BD-4BDA-8929-7504F55ECDE7}.Release|Any CPU.Build.0 = Release|Any CPU
		{38EDB9E7-D314-4D1F-9ECD-104383004053}.Debug|Any CPU.ActiveCfg = Debug|Any CPU
		{38EDB9E7-D314-4D1F-9ECD-104383004053}.Debug|Any CPU.Build.0 = Debug|Any CPU
		{38EDB9E7-D314-4D1F-9ECD-104383004053}.Release|Any CPU.ActiveCfg = Release|Any CPU
		{38EDB9E7-D314-4D1F-9ECD-104383004053}.Release|Any CPU.Build.0 = Release|Any CPU
	EndGlobalSection
	GlobalSection(SolutionProperties) = preSolution
		HideSolutionNode = FALSE
	EndGlobalSection
	GlobalSection(ExtensibilityGlobals) = postSolution
		SolutionGuid = {0D82F74B-114E-48A4-8EDE-F5FF2B20C804}
	EndGlobalSection
EndGlobal
